// !$*UTF8*$!
{
	archiveVersion = 1;
	classes = {
	};
	objectVersion = 56;
	objects = {

/* Begin PBXBuildFile section */
		92B6ECBE2B8E2F6700283102 /* AppDelegate.swift in Sources */ = {isa = PBXBuildFile; fileRef = 92B6ECBD2B8E2F6700283102 /* AppDelegate.swift */; };
		92B6ECC02B8E2F6700283102 /* SceneDelegate.swift in Sources */ = {isa = PBXBuildFile; fileRef = 92B6ECBF2B8E2F6700283102 /* SceneDelegate.swift */; };
		92B6ECC22B8E2F6700283102 /* ViewController.swift in Sources */ = {isa = PBXBuildFile; fileRef = 92B6ECC12B8E2F6700283102 /* ViewController.swift */; };
		92B6ECC52B8E2F6700283102 /* Main.storyboard in Resources */ = {isa = PBXBuildFile; fileRef = 92B6ECC32B8E2F6700283102 /* Main.storyboard */; };
		92B6ECC72B8E2F6900283102 /* Assets.xcassets in Resources */ = {isa = PBXBuildFile; fileRef = 92B6ECC62B8E2F6900283102 /* Assets.xcassets */; };
		92B6ECCA2B8E2F6900283102 /* LaunchScreen.storyboard in Resources */ = {isa = PBXBuildFile; fileRef = 92B6ECC82B8E2F6900283102 /* LaunchScreen.storyboard */; };
		92B6ECD52B8E2F6900283102 /* AylaNetworksAssignmentTests.swift in Sources */ = {isa = PBXBuildFile; fileRef = 92B6ECD42B8E2F6900283102 /* AylaNetworksAssignmentTests.swift */; };
		92B6ECDF2B8E2F6900283102 /* AylaNetworksAssignmentUITests.swift in Sources */ = {isa = PBXBuildFile; fileRef = 92B6ECDE2B8E2F6900283102 /* AylaNetworksAssignmentUITests.swift */; };
		92B6ECE12B8E2F6900283102 /* AylaNetworksAssignmentUITestsLaunchTests.swift in Sources */ = {isa = PBXBuildFile; fileRef = 92B6ECE02B8E2F6900283102 /* AylaNetworksAssignmentUITestsLaunchTests.swift */; };
/* End PBXBuildFile section */

/* Begin PBXContainerItemProxy section */
		92B6ECD12B8E2F6900283102 /* PBXContainerItemProxy */ = {
			isa = PBXContainerItemProxy;
			containerPortal = 92B6ECB22B8E2F6700283102 /* Project object */;
			proxyType = 1;
			remoteGlobalIDString = 92B6ECB92B8E2F6700283102;
			remoteInfo = AylaNetworksAssignment;
		};
		92B6ECDB2B8E2F6900283102 /* PBXContainerItemProxy */ = {
			isa = PBXContainerItemProxy;
			containerPortal = 92B6ECB22B8E2F6700283102 /* Project object */;
			proxyType = 1;
			remoteGlobalIDString = 92B6ECB92B8E2F6700283102;
			remoteInfo = AylaNetworksAssignment;
		};
/* End PBXContainerItemProxy section */

/* Begin PBXFileReference section */
		92B6ECBA2B8E2F6700283102 /* AylaNetworksAssignment.app */ = {isa = PBXFileReference; explicitFileType = wrapper.application; includeInIndex = 0; path = AylaNetworksAssignment.app; sourceTree = BUILT_PRODUCTS_DIR; };
		92B6ECBD2B8E2F6700283102 /* AppDelegate.swift */ = {isa = PBXFileReference; lastKnownFileType = sourcecode.swift; path = AppDelegate.swift; sourceTree = "<group>"; };
		92B6ECBF2B8E2F6700283102 /* SceneDelegate.swift */ = {isa = PBXFileReference; lastKnownFileType = sourcecode.swift; path = SceneDelegate.swift; sourceTree = "<group>"; };
		92B6ECC12B8E2F6700283102 /* ViewController.swift */ = {isa = PBXFileReference; lastKnownFileType = sourcecode.swift; path = ViewController.swift; sourceTree = "<group>"; };
		92B6ECC42B8E2F6700283102 /* Base */ = {isa = PBXFileReference; lastKnownFileType = file.storyboard; name = Base; path = Base.lproj/Main.storyboard; sourceTree = "<group>"; };
		92B6ECC62B8E2F6900283102 /* Assets.xcassets */ = {isa = PBXFileReference; lastKnownFileType = folder.assetcatalog; path = Assets.xcassets; sourceTree = "<group>"; };
		92B6ECC92B8E2F6900283102 /* Base */ = {isa = PBXFileReference; lastKnownFileType = file.storyboard; name = Base; path = Base.lproj/LaunchScreen.storyboard; sourceTree = "<group>"; };
		92B6ECCB2B8E2F6900283102 /* Info.plist */ = {isa = PBXFileReference; lastKnownFileType = text.plist.xml; path = Info.plist; sourceTree = "<group>"; };
		92B6ECD02B8E2F6900283102 /* AylaNetworksAssignmentTests.xctest */ = {isa = PBXFileReference; explicitFileType = wrapper.cfbundle; includeInIndex = 0; path = AylaNetworksAssignmentTests.xctest; sourceTree = BUILT_PRODUCTS_DIR; };
		92B6ECD42B8E2F6900283102 /* AylaNetworksAssignmentTests.swift */ = {isa = PBXFileReference; lastKnownFileType = sourcecode.swift; path = AylaNetworksAssignmentTests.swift; sourceTree = "<group>"; };
		92B6ECDA2B8E2F6900283102 /* AylaNetworksAssignmentUITests.xctest */ = {isa = PBXFileReference; explicitFileType = wrapper.cfbundle; includeInIndex = 0; path = AylaNetworksAssignmentUITests.xctest; sourceTree = BUILT_PRODUCTS_DIR; };
		92B6ECDE2B8E2F6900283102 /* AylaNetworksAssignmentUITests.swift */ = {isa = PBXFileReference; lastKnownFileType = sourcecode.swift; path = AylaNetworksAssignmentUITests.swift; sourceTree = "<group>"; };
		92B6ECE02B8E2F6900283102 /* AylaNetworksAssignmentUITestsLaunchTests.swift */ = {isa = PBXFileReference; lastKnownFileType = sourcecode.swift; path = AylaNetworksAssignmentUITestsLaunchTests.swift; sourceTree = "<group>"; };
/* End PBXFileReference section */

/* Begin PBXFrameworksBuildPhase section */
		92B6ECB72B8E2F6700283102 /* Frameworks */ = {
			isa = PBXFrameworksBuildPhase;
			buildActionMask = 2147483647;
			files = (
			);
			runOnlyForDeploymentPostprocessing = 0;
		};
		92B6ECCD2B8E2F6900283102 /* Frameworks */ = {
			isa = PBXFrameworksBuildPhase;
			buildActionMask = 2147483647;
			files = (
			);
			runOnlyForDeploymentPostprocessing = 0;
		};
		92B6ECD72B8E2F6900283102 /* Frameworks */ = {
			isa = PBXFrameworksBuildPhase;
			buildActionMask = 2147483647;
			files = (
			);
			runOnlyForDeploymentPostprocessing = 0;
		};
/* End PBXFrameworksBuildPhase section */

/* Begin PBXGroup section */
		92B6ECB12B8E2F6700283102 = {
			isa = PBXGroup;
			children = (
				92B6ECBC2B8E2F6700283102 /* AylaNetworksAssignment */,
				92B6ECD32B8E2F6900283102 /* AylaNetworksAssignmentTests */,
				92B6ECDD2B8E2F6900283102 /* AylaNetworksAssignmentUITests */,
				92B6ECBB2B8E2F6700283102 /* Products */,
			);
			sourceTree = "<group>";
		};
		92B6ECBB2B8E2F6700283102 /* Products */ = {
			isa = PBXGroup;
			children = (
				92B6ECBA2B8E2F6700283102 /* AylaNetworksAssignment.app */,
				92B6ECD02B8E2F6900283102 /* AylaNetworksAssignmentTests.xctest */,
				92B6ECDA2B8E2F6900283102 /* AylaNetworksAssignmentUITests.xctest */,
			);
			name = Products;
			sourceTree = "<group>";
		};
		92B6ECBC2B8E2F6700283102 /* AylaNetworksAssignment */ = {
			isa = PBXGroup;
			children = (
				92B6ECBD2B8E2F6700283102 /* AppDelegate.swift */,
				92B6ECBF2B8E2F6700283102 /* SceneDelegate.swift */,
				92B6ECC12B8E2F6700283102 /* ViewController.swift */,
				92B6ECC32B8E2F6700283102 /* Main.storyboard */,
				92B6ECC62B8E2F6900283102 /* Assets.xcassets */,
				92B6ECC82B8E2F6900283102 /* LaunchScreen.storyboard */,
				92B6ECCB2B8E2F6900283102 /* Info.plist */,
			);
			path = AylaNetworksAssignment;
			sourceTree = "<group>";
		};
		92B6ECD32B8E2F6900283102 /* AylaNetworksAssignmentTests */ = {
			isa = PBXGroup;
			children = (
				92B6ECD42B8E2F6900283102 /* AylaNetworksAssignmentTests.swift */,
			);
			path = AylaNetworksAssignmentTests;
			sourceTree = "<group>";
		};
		92B6ECDD2B8E2F6900283102 /* AylaNetworksAssignmentUITests */ = {
			isa = PBXGroup;
			children = (
				92B6ECDE2B8E2F6900283102 /* AylaNetworksAssignmentUITests.swift */,
				92B6ECE02B8E2F6900283102 /* AylaNetworksAssignmentUITestsLaunchTests.swift */,
			);
			path = AylaNetworksAssignmentUITests;
			sourceTree = "<group>";
		};
/* End PBXGroup section */

/* Begin PBXNativeTarget section */
		92B6ECB92B8E2F6700283102 /* AylaNetworksAssignment */ = {
			isa = PBXNativeTarget;
			buildConfigurationList = 92B6ECE42B8E2F6900283102 /* Build configuration list for PBXNativeTarget "AylaNetworksAssignment" */;
			buildPhases = (
				92B6ECB62B8E2F6700283102 /* Sources */,
				92B6ECB72B8E2F6700283102 /* Frameworks */,
				92B6ECB82B8E2F6700283102 /* Resources */,
			);
			buildRules = (
			);
			dependencies = (
			);
			name = AylaNetworksAssignment;
			productName = AylaNetworksAssignment;
			productReference = 92B6ECBA2B8E2F6700283102 /* AylaNetworksAssignment.app */;
			productType = "com.apple.product-type.application";
		};
		92B6ECCF2B8E2F6900283102 /* AylaNetworksAssignmentTests */ = {
			isa = PBXNativeTarget;
			buildConfigurationList = 92B6ECE72B8E2F6900283102 /* Build configuration list for PBXNativeTarget "AylaNetworksAssignmentTests" */;
			buildPhases = (
				92B6ECCC2B8E2F6900283102 /* Sources */,
				92B6ECCD2B8E2F6900283102 /* Frameworks */,
				92B6ECCE2B8E2F6900283102 /* Resources */,
			);
			buildRules = (
			);
			dependencies = (
				92B6ECD22B8E2F6900283102 /* PBXTargetDependency */,
			);
			name = AylaNetworksAssignmentTests;
			productName = AylaNetworksAssignmentTests;
			productReference = 92B6ECD02B8E2F6900283102 /* AylaNetworksAssignmentTests.xctest */;
			productType = "com.apple.product-type.bundle.unit-test";
		};
		92B6ECD92B8E2F6900283102 /* AylaNetworksAssignmentUITests */ = {
			isa = PBXNativeTarget;
			buildConfigurationList = 92B6ECEA2B8E2F6900283102 /* Build configuration list for PBXNativeTarget "AylaNetworksAssignmentUITests" */;
			buildPhases = (
				92B6ECD62B8E2F6900283102 /* Sources */,
				92B6ECD72B8E2F6900283102 /* Frameworks */,
				92B6ECD82B8E2F6900283102 /* Resources */,
			);
			buildRules = (
			);
			dependencies = (
				92B6ECDC2B8E2F6900283102 /* PBXTargetDependency */,
			);
			name = AylaNetworksAssignmentUITests;
			productName = AylaNetworksAssignmentUITests;
			productReference = 92B6ECDA2B8E2F6900283102 /* AylaNetworksAssignmentUITests.xctest */;
			productType = "com.apple.product-type.bundle.ui-testing";
		};
/* End PBXNativeTarget section */

/* Begin PBXProject section */
		92B6ECB22B8E2F6700283102 /* Project object */ = {
			isa = PBXProject;
			attributes = {
				BuildIndependentTargetsInParallel = 1;
				LastSwiftUpdateCheck = 1420;
				LastUpgradeCheck = 1420;
				TargetAttributes = {
					92B6ECB92B8E2F6700283102 = {
						CreatedOnToolsVersion = 14.2;
					};
					92B6ECCF2B8E2F6900283102 = {
						CreatedOnToolsVersion = 14.2;
						TestTargetID = 92B6ECB92B8E2F6700283102;
					};
					92B6ECD92B8E2F6900283102 = {
						CreatedOnToolsVersion = 14.2;
						TestTargetID = 92B6ECB92B8E2F6700283102;
					};
				};
			};
			buildConfigurationList = 92B6ECB52B8E2F6700283102 /* Build configuration list for PBXProject "AylaNetworksAssignment" */;
			compatibilityVersion = "Xcode 14.0";
			developmentRegion = en;
			hasScannedForEncodings = 0;
			knownRegions = (
				en,
				Base,
			);
			mainGroup = 92B6ECB12B8E2F6700283102;
			productRefGroup = 92B6ECBB2B8E2F6700283102 /* Products */;
			projectDirPath = "";
			projectRoot = "";
			targets = (
				92B6ECB92B8E2F6700283102 /* AylaNetworksAssignment */,
				92B6ECCF2B8E2F6900283102 /* AylaNetworksAssignmentTests */,
				92B6ECD92B8E2F6900283102 /* AylaNetworksAssignmentUITests */,
			);
		};
/* End PBXProject section */

/* Begin PBXResourcesBuildPhase section */
		92B6ECB82B8E2F6700283102 /* Resources */ = {
			isa = PBXResourcesBuildPhase;
			buildActionMask = 2147483647;
			files = (
				92B6ECCA2B8E2F6900283102 /* LaunchScreen.storyboard in Resources */,
				92B6ECC72B8E2F6900283102 /* Assets.xcassets in Resources */,
				92B6ECC52B8E2F6700283102 /* Main.storyboard in Resources */,
			);
			runOnlyForDeploymentPostprocessing = 0;
		};
		92B6ECCE2B8E2F6900283102 /* Resources */ = {
			isa = PBXResourcesBuildPhase;
			buildActionMask = 2147483647;
			files = (
			);
			runOnlyForDeploymentPostprocessing = 0;
		};
		92B6ECD82B8E2F6900283102 /* Resources */ = {
			isa = PBXResourcesBuildPhase;
			buildActionMask = 2147483647;
			files = (
			);
			runOnlyForDeploymentPostprocessing = 0;
		};
/* End PBXResourcesBuildPhase section */

/* Begin PBXSourcesBuildPhase section */
		92B6ECB62B8E2F6700283102 /* Sources */ = {
			isa = PBXSourcesBuildPhase;
			buildActionMask = 2147483647;
			files = (
				92B6ECC22B8E2F6700283102 /* ViewController.swift in Sources */,
				92B6ECBE2B8E2F6700283102 /* AppDelegate.swift in Sources */,
				92B6ECC02B8E2F6700283102 /* SceneDelegate.swift in Sources */,
			);
			runOnlyForDeploymentPostprocessing = 0;
		};
		92B6ECCC2B8E2F6900283102 /* Sources */ = {
			isa = PBXSourcesBuildPhase;
			buildActionMask = 2147483647;
			files = (
				92B6ECD52B8E2F6900283102 /* AylaNetworksAssignmentTests.swift in Sources */,
			);
			runOnlyForDeploymentPostprocessing = 0;
		};
		92B6ECD62B8E2F6900283102 /* Sources */ = {
			isa = PBXSourcesBuildPhase;
			buildActionMask = 2147483647;
			files = (
				92B6ECDF2B8E2F6900283102 /* AylaNetworksAssignmentUITests.swift in Sources */,
				92B6ECE12B8E2F6900283102 /* AylaNetworksAssignmentUITestsLaunchTests.swift in Sources */,
			);
			runOnlyForDeploymentPostprocessing = 0;
		};
/* End PBXSourcesBuildPhase section */

/* Begin PBXTargetDependency section */
		92B6ECD22B8E2F6900283102 /* PBXTargetDependency */ = {
			isa = PBXTargetDependency;
			target = 92B6ECB92B8E2F6700283102 /* AylaNetworksAssignment */;
			targetProxy = 92B6ECD12B8E2F6900283102 /* PBXContainerItemProxy */;
		};
		92B6ECDC2B8E2F6900283102 /* PBXTargetDependency */ = {
			isa = PBXTargetDependency;
			target = 92B6ECB92B8E2F6700283102 /* AylaNetworksAssignment */;
			targetProxy = 92B6ECDB2B8E2F6900283102 /* PBXContainerItemProxy */;
		};
/* End PBXTargetDependency section */

/* Begin PBXVariantGroup section */
		92B6ECC32B8E2F6700283102 /* Main.storyboard */ = {
			isa = PBXVariantGroup;
			children = (
				92B6ECC42B8E2F6700283102 /* Base */,
			);
			name = Main.storyboard;
			sourceTree = "<group>";
		};
		92B6ECC82B8E2F6900283102 /* LaunchScreen.storyboard */ = {
			isa = PBXVariantGroup;
			children = (
				92B6ECC92B8E2F6900283102 /* Base */,
			);
			name = LaunchScreen.storyboard;
			sourceTree = "<group>";
		};
/* End PBXVariantGroup section */

/* Begin XCBuildConfiguration section */
		92B6ECE22B8E2F6900283102 /* Debug */ = {
			isa = XCBuildConfiguration;
			buildSettings = {
				ALWAYS_SEARCH_USER_PATHS = NO;
				CLANG_ANALYZER_NONNULL = YES;
				CLANG_ANALYZER_NUMBER_OBJECT_CONVERSION = YES_AGGRESSIVE;
				CLANG_CXX_LANGUAGE_STANDARD = "gnu++20";
				CLANG_ENABLE_MODULES = YES;
				CLANG_ENABLE_OBJC_ARC = YES;
				CLANG_ENABLE_OBJC_WEAK = YES;
				CLANG_WARN_BLOCK_CAPTURE_AUTORELEASING = YES;
				CLANG_WARN_BOOL_CONVERSION = YES;
				CLANG_WARN_COMMA = YES;
				CLANG_WARN_CONSTANT_CONVERSION = YES;
				CLANG_WARN_DEPRECATED_OBJC_IMPLEMENTATIONS = YES;
				CLANG_WARN_DIRECT_OBJC_ISA_USAGE = YES_ERROR;
				CLANG_WARN_DOCUMENTATION_COMMENTS = YES;
				CLANG_WARN_EMPTY_BODY = YES;
				CLANG_WARN_ENUM_CONVERSION = YES;
				CLANG_WARN_INFINITE_RECURSION = YES;
				CLANG_WARN_INT_CONVERSION = YES;
				CLANG_WARN_NON_LITERAL_NULL_CONVERSION = YES;
				CLANG_WARN_OBJC_IMPLICIT_RETAIN_SELF = YES;
				CLANG_WARN_OBJC_LITERAL_CONVERSION = YES;
				CLANG_WARN_OBJC_ROOT_CLASS = YES_ERROR;
				CLANG_WARN_QUOTED_INCLUDE_IN_FRAMEWORK_HEADER = YES;
				CLANG_WARN_RANGE_LOOP_ANALYSIS = YES;
				CLANG_WARN_STRICT_PROTOTYPES = YES;
				CLANG_WARN_SUSPICIOUS_MOVE = YES;
				CLANG_WARN_UNGUARDED_AVAILABILITY = YES_AGGRESSIVE;
				CLANG_WARN_UNREACHABLE_CODE = YES;
				CLANG_WARN__DUPLICATE_METHOD_MATCH = YES;
				COPY_PHASE_STRIP = NO;
				DEBUG_INFORMATION_FORMAT = dwarf;
				ENABLE_STRICT_OBJC_MSGSEND = YES;
				ENABLE_TESTABILITY = YES;
				GCC_C_LANGUAGE_STANDARD = gnu11;
				GCC_DYNAMIC_NO_PIC = NO;
				GCC_NO_COMMON_BLOCKS = YES;
				GCC_OPTIMIZATION_LEVEL = 0;
				GCC_PREPROCESSOR_DEFINITIONS = (
					"DEBUG=1",
					"$(inherited)",
				);
				GCC_WARN_64_TO_32_BIT_CONVERSION = YES;
				GCC_WARN_ABOUT_RETURN_TYPE = YES_ERROR;
				GCC_WARN_UNDECLARED_SELECTOR = YES;
				GCC_WARN_UNINITIALIZED_AUTOS = YES_AGGRESSIVE;
				GCC_WARN_UNUSED_FUNCTION = YES;
				GCC_WARN_UNUSED_VARIABLE = YES;
				IPHONEOS_DEPLOYMENT_TARGET = 16.2;
				MTL_ENABLE_DEBUG_INFO = INCLUDE_SOURCE;
				MTL_FAST_MATH = YES;
				ONLY_ACTIVE_ARCH = YES;
				SDKROOT = iphoneos;
				SWIFT_ACTIVE_COMPILATION_CONDITIONS = DEBUG;
				SWIFT_OPTIMIZATION_LEVEL = "-Onone";
			};
			name = Debug;
		};
		92B6ECE32B8E2F6900283102 /* Release */ = {
			isa = XCBuildConfiguration;
			buildSettings = {
				ALWAYS_SEARCH_USER_PATHS = NO;
				CLANG_ANALYZER_NONNULL = YES;
				CLANG_ANALYZER_NUMBER_OBJECT_CONVERSION = YES_AGGRESSIVE;
				CLANG_CXX_LANGUAGE_STANDARD = "gnu++20";
				CLANG_ENABLE_MODULES = YES;
				CLANG_ENABLE_OBJC_ARC = YES;
				CLANG_ENABLE_OBJC_WEAK = YES;
				CLANG_WARN_BLOCK_CAPTURE_AUTORELEASING = YES;
				CLANG_WARN_BOOL_CONVERSION = YES;
				CLANG_WARN_COMMA = YES;
				CLANG_WARN_CONSTANT_CONVERSION = YES;
				CLANG_WARN_DEPRECATED_OBJC_IMPLEMENTATIONS = YES;
				CLANG_WARN_DIRECT_OBJC_ISA_USAGE = YES_ERROR;
				CLANG_WARN_DOCUMENTATION_COMMENTS = YES;
				CLANG_WARN_EMPTY_BODY = YES;
				CLANG_WARN_ENUM_CONVERSION = YES;
				CLANG_WARN_INFINITE_RECURSION = YES;
				CLANG_WARN_INT_CONVERSION = YES;
				CLANG_WARN_NON_LITERAL_NULL_CONVERSION = YES;
				CLANG_WARN_OBJC_IMPLICIT_RETAIN_SELF = YES;
				CLANG_WARN_OBJC_LITERAL_CONVERSION = YES;
				CLANG_WARN_OBJC_ROOT_CLASS = YES_ERROR;
				CLANG_WARN_QUOTED_INCLUDE_IN_FRAMEWORK_HEADER = YES;
				CLANG_WARN_RANGE_LOOP_ANALYSIS = YES;
				CLANG_WARN_STRICT_PROTOTYPES = YES;
				CLANG_WARN_SUSPICIOUS_MOVE = YES;
				CLANG_WARN_UNGUARDED_AVAILABILITY = YES_AGGRESSIVE;
				CLANG_WARN_UNREACHABLE_CODE = YES;
				CLANG_WARN__DUPLICATE_METHOD_MATCH = YES;
				COPY_PHASE_STRIP = NO;
				DEBUG_INFORMATION_FORMAT = "dwarf-with-dsym";
				ENABLE_NS_ASSERTIONS = NO;
				ENABLE_STRICT_OBJC_MSGSEND = YES;
				GCC_C_LANGUAGE_STANDARD = gnu11;
				GCC_NO_COMMON_BLOCKS = YES;
				GCC_WARN_64_TO_32_BIT_CONVERSION = YES;
				GCC_WARN_ABOUT_RETURN_TYPE = YES_ERROR;
				GCC_WARN_UNDECLARED_SELECTOR = YES;
				GCC_WARN_UNINITIALIZED_AUTOS = YES_AGGRESSIVE;
				GCC_WARN_UNUSED_FUNCTION = YES;
				GCC_WARN_UNUSED_VARIABLE = YES;
				IPHONEOS_DEPLOYMENT_TARGET = 16.2;
				MTL_ENABLE_DEBUG_INFO = NO;
				MTL_FAST_MATH = YES;
				SDKROOT = iphoneos;
				SWIFT_COMPILATION_MODE = wholemodule;
				SWIFT_OPTIMIZATION_LEVEL = "-O";
				VALIDATE_PRODUCT = YES;
			};
			name = Release;
		};
		92B6ECE52B8E2F6900283102 /* Debug */ = {
			isa = XCBuildConfiguration;
			buildSettings = {
				ASSETCATALOG_COMPILER_APPICON_NAME = AppIcon;
				ASSETCATALOG_COMPILER_GLOBAL_ACCENT_COLOR_NAME = AccentColor;
				CODE_SIGN_STYLE = Automatic;
				CURRENT_PROJECT_VERSION = 1;
				GENERATE_INFOPLIST_FILE = YES;
				INFOPLIST_FILE = AylaNetworksAssignment/Info.plist;
				INFOPLIST_KEY_UIApplicationSupportsIndirectInputEvents = YES;
				INFOPLIST_KEY_UILaunchStoryboardName = LaunchScreen;
				INFOPLIST_KEY_UIMainStoryboardFile = Main;
				INFOPLIST_KEY_UISupportedInterfaceOrientations_iPad = "UIInterfaceOrientationPortrait UIInterfaceOrientationPortraitUpsideDown UIInterfaceOrientationLandscapeLeft UIInterfaceOrientationLandscapeRight";
				INFOPLIST_KEY_UISupportedInterfaceOrientations_iPhone = "UIInterfaceOrientationPortrait UIInterfaceOrientationLandscapeLeft UIInterfaceOrientationLandscapeRight";
				LD_RUNPATH_SEARCH_PATHS = (
					"$(inherited)",
					"@executable_path/Frameworks",
				);
				MARKETING_VERSION = 1.0;
				PRODUCT_BUNDLE_IDENTIFIER = com.lova.Krishna.AylaNetworksAssignment;
				PRODUCT_NAME = "$(TARGET_NAME)";
				SWIFT_EMIT_LOC_STRINGS = YES;
				SWIFT_VERSION = 5.0;
				TARGETED_DEVICE_FAMILY = "1,2";
			};
			name = Debug;
		};
		92B6ECE62B8E2F6900283102 /* Release */ = {
			isa = XCBuildConfiguration;
			buildSettings = {
				ASSETCATALOG_COMPILER_APPICON_NAME = AppIcon;
				ASSETCATALOG_COMPILER_GLOBAL_ACCENT_COLOR_NAME = AccentColor;
				CODE_SIGN_STYLE = Automatic;
				CURRENT_PROJECT_VERSION = 1;
				GENERATE_INFOPLIST_FILE = YES;
				INFOPLIST_FILE = AylaNetworksAssignment/Info.plist;
				INFOPLIST_KEY_UIApplicationSupportsIndirectInputEvents = YES;
				INFOPLIST_KEY_UILaunchStoryboardName = LaunchScreen;
				INFOPLIST_KEY_UIMainStoryboardFile = Main;
				INFOPLIST_KEY_UISupportedInterfaceOrientations_iPad = "UIInterfaceOrientationPortrait UIInterfaceOrientationPortraitUpsideDown UIInterfaceOrientationLandscapeLeft UIInterfaceOrientationLandscapeRight";
				INFOPLIST_KEY_UISupportedInterfaceOrientations_iPhone = "UIInterfaceOrientationPortrait UIInterfaceOrientationLandscapeLeft UIInterfaceOrientationLandscapeRight";
				LD_RUNPATH_SEARCH_PATHS = (
					"$(inherited)",
					"@executable_path/Frameworks",
				);
				MARKETING_VERSION = 1.0;
				PRODUCT_BUNDLE_IDENTIFIER = com.lova.Krishna.AylaNetworksAssignment;
				PRODUCT_NAME = "$(TARGET_NAME)";
				SWIFT_EMIT_LOC_STRINGS = YES;
				SWIFT_VERSION = 5.0;
				TARGETED_DEVICE_FAMILY = "1,2";
			};
			name = Release;
		};
		92B6ECE82B8E2F6900283102 /* Debug */ = {
			isa = XCBuildConfiguration;
			buildSettings = {
				ALWAYS_EMBED_SWIFT_STANDARD_LIBRARIES = YES;
				BUNDLE_LOADER = "$(TEST_HOST)";
				CODE_SIGN_STYLE = Automatic;
				CURRENT_PROJECT_VERSION = 1;
				GENERATE_INFOPLIST_FILE = YES;
				IPHONEOS_DEPLOYMENT_TARGET = 16.2;
				MARKETING_VERSION = 1.0;
				PRODUCT_BUNDLE_IDENTIFIER = com.lova.Krishna.AylaNetworksAssignmentTests;
				PRODUCT_NAME = "$(TARGET_NAME)";
				SWIFT_EMIT_LOC_STRINGS = NO;
				SWIFT_VERSION = 5.0;
				TARGETED_DEVICE_FAMILY = "1,2";
				TEST_HOST = "$(BUILT_PRODUCTS_DIR)/AylaNetworksAssignment.app/$(BUNDLE_EXECUTABLE_FOLDER_PATH)/AylaNetworksAssignment";
			};
			name = Debug;
		};
		92B6ECE92B8E2F6900283102 /* Release */ = {
			isa = XCBuildConfiguration;
			buildSettings = {
				ALWAYS_EMBED_SWIFT_STANDARD_LIBRARIES = YES;
				BUNDLE_LOADER = "$(TEST_HOST)";
				CODE_SIGN_STYLE = Automatic;
				CURRENT_PROJECT_VERSION = 1;
				GENERATE_INFOPLIST_FILE = YES;
				IPHONEOS_DEPLOYMENT_TARGET = 16.2;
				MARKETING_VERSION = 1.0;
				PRODUCT_BUNDLE_IDENTIFIER = com.lova.Krishna.AylaNetworksAssignmentTests;
				PRODUCT_NAME = "$(TARGET_NAME)";
				SWIFT_EMIT_LOC_STRINGS = NO;
				SWIFT_VERSION = 5.0;
				TARGETED_DEVICE_FAMILY = "1,2";
				TEST_HOST = "$(BUILT_PRODUCTS_DIR)/AylaNetworksAssignment.app/$(BUNDLE_EXECUTABLE_FOLDER_PATH)/AylaNetworksAssignment";
			};
			name = Release;
		};
		92B6ECEB2B8E2F6900283102 /* Debug */ = {
			isa = XCBuildConfiguration;
			buildSettings = {
				ALWAYS_EMBED_SWIFT_STANDARD_LIBRARIES = YES;
				CODE_SIGN_STYLE = Automatic;
				CURRENT_PROJECT_VERSION = 1;
				GENERATE_INFOPLIST_FILE = YES;
				MARKETING_VERSION = 1.0;
				PRODUCT_BUNDLE_IDENTIFIER = com.lova.Krishna.AylaNetworksAssignmentUITests;
				PRODUCT_NAME = "$(TARGET_NAME)";
				SWIFT_EMIT_LOC_STRINGS = NO;
				SWIFT_VERSION = 5.0;
				TARGETED_DEVICE_FAMILY = "1,2";
				TEST_TARGET_NAME = AylaNetworksAssignment;
			};
			name = Debug;
		};
		92B6ECEC2B8E2F6900283102 /* Release */ = {
			isa = XCBuildConfiguration;
			buildSettings = {
				ALWAYS_EMBED_SWIFT_STANDARD_LIBRARIES = YES;
				CODE_SIGN_STYLE = Automatic;
				CURRENT_PROJECT_VERSION = 1;
				GENERATE_INFOPLIST_FILE = YES;
				MARKETING_VERSION = 1.0;
				PRODUCT_BUNDLE_IDENTIFIER = com.lova.Krishna.AylaNetworksAssignmentUITests;
				PRODUCT_NAME = "$(TARGET_NAME)";
				SWIFT_EMIT_LOC_STRINGS = NO;
				SWIFT_VERSION = 5.0;
				TARGETED_DEVICE_FAMILY = "1,2";
				TEST_TARGET_NAME = AylaNetworksAssignment;
			};
			name = Release;
		};
/* End XCBuildConfiguration section */

/* Begin XCConfigurationList section */
		92B6ECB52B8E2F6700283102 /* Build configuration list for PBXProject "AylaNetworksAssignment" */ = {
			isa = XCConfigurationList;
			buildConfigurations = (
				92B6ECE22B8E2F6900283102 /* Debug */,
				92B6ECE32B8E2F6900283102 /* Release */,
			);
			defaultConfigurationIsVisible = 0;
			defaultConfigurationName = Release;
		};
		92B6ECE42B8E2F6900283102 /* Build configuration list for PBXNativeTarget "AylaNetworksAssignment" */ = {
			isa = XCConfigurationList;
			buildConfigurations = (
				92B6ECE52B8E2F6900283102 /* Debug */,
				92B6ECE62B8E2F6900283102 /* Release */,
			);
			defaultConfigurationIsVisible = 0;
			defaultConfigurationName = Release;
		};
		92B6ECE72B8E2F6900283102 /* Build configuration list for PBXNativeTarget "AylaNetworksAssignmentTests" */ = {
			isa = XCConfigurationList;
			buildConfigurations = (
				92B6ECE82B8E2F6900283102 /* Debug */,
				92B6ECE92B8E2F6900283102 /* Release */,
			);
			defaultConfigurationIsVisible = 0;
			defaultConfigurationName = Release;
		};
		92B6ECEA2B8E2F6900283102 /* Build configuration list for PBXNativeTarget "AylaNetworksAssignmentUITests" */ = {
			isa = XCConfigurationList;
			buildConfigurations = (
				92B6ECEB2B8E2F6900283102 /* Debug */,
				92B6ECEC2B8E2F6900283102 /* Release */,
			);
			defaultConfigurationIsVisible = 0;
			defaultConfigurationName = Release;
		};
/* End XCConfigurationList section */
	};
	rootObject = 92B6ECB22B8E2F6700283102 /* Project object */;
}
